
Microsoft Visual Studio Solution File, Format Version 12.00
# Visual Studio Version 17
VisualStudioVersion = 17.9.34728.123
MinimumVisualStudioVersion = 10.0.40219.1
Project("{F184B08F-C81C-45F6-A57F-5ABD9991F28F}") = "tanamesa", "tanamesa.vbproj", "{4C9337C2-B3DC-4356-98DA-594958CAA2B2}"
EndProject
Global
	GlobalSection(SolutionConfigurationPlatforms) = preSolution
		Debug|Any CPU = Debug|Any CPU
		Release|Any CPU = Release|Any CPU
	EndGlobalSection
	GlobalSection(ProjectConfigurationPlatforms) = postSolution
		{4C9337C2-B3DC-4356-98DA-594958CAA2B2}.Debug|Any CPU.ActiveCfg = Debug|Any CPU
		{4C9337C2-B3DC-4356-98DA-594958CAA2B2}.Debug|Any CPU.Build.0 = Debug|Any CPU
		{4C9337C2-B3DC-4356-98DA-594958CAA2B2}.Release|Any CPU.ActiveCfg = Release|Any CPU
		{4C9337C2-B3DC-4356-98DA-594958CAA2B2}.Release|Any CPU.Build.0 = Release|Any CPU
	EndGlobalSection
	GlobalSection(SolutionProperties) = preSolution
		HideSolutionNode = FALSE
	EndGlobalSection
	GlobalSection(ExtensibilityGlobals) = postSolution
		SolutionGuid = {AE33EC09-136A-42DA-BE2C-1BC9A5544B05}
	EndGlobalSection
EndGlobal
